
Microsoft Visual Studio Solution File, Format Version 12.00
# Visual Studio 15
Project("{FAE04EC0-301F-11D3-BF4B-00C04F79EFBC}") = "BAAC.Memberships.Web", "BAAC.Memberships.Web\BAAC.Memberships.Web.csproj", "{B122B0D3-DFFE-4F79-B41F-579F0C95BCDF}"
EndProject
Project("{FAE04EC0-301F-11D3-BF4B-00C04F79EFBC}") = "BAAC.Memberships.Models", "BAAC.Memberships.Models\BAAC.Memberships.Models.csproj", "{82A9D62F-C70A-4638-A5FF-F4688644992F}"
EndProject
Project("{FAE04EC0-301F-11D3-BF4B-00C04F79EFBC}") = "BAAC.Memberships.Services", "BAAC.Memberships.Services\BAAC.Memberships.Services.csproj", "{C02F5EC0-9A38-4B99-B45D-A4006441EE1A}"
EndProject
Global
	GlobalSection(SolutionConfigurationPlatforms) = preSolution
		Debug|Any CPU = Debug|Any CPU
		Release|Any CPU = Release|Any CPU
	EndGlobalSection
	GlobalSection(ProjectConfigurationPlatforms) = postSolution
		{B122B0D3-DFFE-4F79-B41F-579F0C95BCDF}.Debug|Any CPU.ActiveCfg = Debug|Any CPU
		{B122B0D3-DFFE-4F79-B41F-579F0C95BCDF}.Debug|Any CPU.Build.0 = Debug|Any CPU
		{B122B0D3-DFFE-4F79-B41F-579F0C95BCDF}.Release|Any CPU.ActiveCfg = Release|Any CPU
		{B122B0D3-DFFE-4F79-B41F-579F0C95BCDF}.Release|Any CPU.Build.0 = Release|Any CPU
		{82A9D62F-C70A-4638-A5FF-F4688644992F}.Debug|Any CPU.ActiveCfg = Debug|Any CPU
		{82A9D62F-C70A-4638-A5FF-F4688644992F}.Debug|Any CPU.Build.0 = Debug|Any CPU
		{82A9D62F-C70A-4638-A5FF-F4688644992F}.Release|Any CPU.ActiveCfg = Release|Any CPU
		{82A9D62F-C70A-4638-A5FF-F4688644992F}.Release|Any CPU.Build.0 = Release|Any CPU
		{C02F5EC0-9A38-4B99-B45D-A4006441EE1A}.Debug|Any CPU.ActiveCfg = Debug|Any CPU
		{C02F5EC0-9A38-4B99-B45D-A4006441EE1A}.Debug|Any CPU.Build.0 = Debug|Any CPU
		{C02F5EC0-9A38-4B99-B45D-A4006441EE1A}.Release|Any CPU.ActiveCfg = Release|Any CPU
		{C02F5EC0-9A38-4B99-B45D-A4006441EE1A}.Release|Any CPU.Build.0 = Release|Any CPU
	EndGlobalSection
EndGlobal
